
Microsoft Visual Studio Solution File, Format Version 12.00
# Visual Studio Version 17
VisualStudioVersion = 17.11.35222.181
MinimumVisualStudioVersion = 10.0.40219.1
Project("{FAE04EC0-301F-11D3-BF4B-00C04F79EFBC}") = "Batzen ikasten", "Batzen ikasten\Batzen ikasten.csproj", "{56181D15-9B78-4F3C-9A63-49E9044222FC}"
EndProject
Global
	GlobalSection(SolutionConfigurationPlatforms) = preSolution
		Debug|Any CPU = Debug|Any CPU
		Release|Any CPU = Release|Any CPU
	EndGlobalSection
	GlobalSection(ProjectConfigurationPlatforms) = postSolution
		{56181D15-9B78-4F3C-9A63-49E9044222FC}.Debug|Any CPU.ActiveCfg = Debug|Any CPU
		{56181D15-9B78-4F3C-9A63-49E9044222FC}.Debug|Any CPU.Build.0 = Debug|Any CPU
		{56181D15-9B78-4F3C-9A63-49E9044222FC}.Debug|Any CPU.Deploy.0 = Debug|Any CPU
		{56181D15-9B78-4F3C-9A63-49E9044222FC}.Release|Any CPU.ActiveCfg = Release|Any CPU
		{56181D15-9B78-4F3C-9A63-49E9044222FC}.Release|Any CPU.Build.0 = Release|Any CPU
		{56181D15-9B78-4F3C-9A63-49E9044222FC}.Release|Any CPU.Deploy.0 = Release|Any CPU
	EndGlobalSection
	GlobalSection(SolutionProperties) = preSolution
		HideSolutionNode = FALSE
	EndGlobalSection
	GlobalSection(ExtensibilityGlobals) = postSolution
		SolutionGuid = {91E161DC-C285-4DAD-8E12-D8727E122735}
	EndGlobalSection
EndGlobal
