
Microsoft Visual Studio Solution File, Format Version 12.00
# Visual Studio Version 17
VisualStudioVersion = 17.11.35222.181
MinimumVisualStudioVersion = 10.0.40219.1
Project("{FAE04EC0-301F-11D3-BF4B-00C04F79EFBC}") = "Landetxearen erreserba", "Landetxearen erreserba\Landetxearen erreserba.csproj", "{DFEF16BE-6B3F-414D-B856-3628DB6BC97A}"
EndProject
Global
	GlobalSection(SolutionConfigurationPlatforms) = preSolution
		Debug|Any CPU = Debug|Any CPU
		Release|Any CPU = Release|Any CPU
	EndGlobalSection
	GlobalSection(ProjectConfigurationPlatforms) = postSolution
		{DFEF16BE-6B3F-414D-B856-3628DB6BC97A}.Debug|Any CPU.ActiveCfg = Debug|Any CPU
		{DFEF16BE-6B3F-414D-B856-3628DB6BC97A}.Debug|Any CPU.Build.0 = Debug|Any CPU
		{DFEF16BE-6B3F-414D-B856-3628DB6BC97A}.Debug|Any CPU.Deploy.0 = Debug|Any CPU
		{DFEF16BE-6B3F-414D-B856-3628DB6BC97A}.Release|Any CPU.ActiveCfg = Release|Any CPU
		{DFEF16BE-6B3F-414D-B856-3628DB6BC97A}.Release|Any CPU.Build.0 = Release|Any CPU
		{DFEF16BE-6B3F-414D-B856-3628DB6BC97A}.Release|Any CPU.Deploy.0 = Release|Any CPU
	EndGlobalSection
	GlobalSection(SolutionProperties) = preSolution
		HideSolutionNode = FALSE
	EndGlobalSection
	GlobalSection(ExtensibilityGlobals) = postSolution
		SolutionGuid = {408AD387-3266-4535-924F-CEC88FABF3D8}
	EndGlobalSection
EndGlobal
