
Microsoft Visual Studio Solution File, Format Version 12.00
# Visual Studio Version 17
VisualStudioVersion = 17.11.35222.181
MinimumVisualStudioVersion = 10.0.40219.1
Project("{FAE04EC0-301F-11D3-BF4B-00C04F79EFBC}") = "Ordezkaria hautatzea", "Ordezkaria hautatzea\Ordezkaria hautatzea.csproj", "{A7B39CDE-50EA-4DF5-AD34-97F12273D542}"
EndProject
Global
	GlobalSection(SolutionConfigurationPlatforms) = preSolution
		Debug|Any CPU = Debug|Any CPU
		Release|Any CPU = Release|Any CPU
	EndGlobalSection
	GlobalSection(ProjectConfigurationPlatforms) = postSolution
		{A7B39CDE-50EA-4DF5-AD34-97F12273D542}.Debug|Any CPU.ActiveCfg = Debug|Any CPU
		{A7B39CDE-50EA-4DF5-AD34-97F12273D542}.Debug|Any CPU.Build.0 = Debug|Any CPU
		{A7B39CDE-50EA-4DF5-AD34-97F12273D542}.Debug|Any CPU.Deploy.0 = Debug|Any CPU
		{A7B39CDE-50EA-4DF5-AD34-97F12273D542}.Release|Any CPU.ActiveCfg = Release|Any CPU
		{A7B39CDE-50EA-4DF5-AD34-97F12273D542}.Release|Any CPU.Build.0 = Release|Any CPU
		{A7B39CDE-50EA-4DF5-AD34-97F12273D542}.Release|Any CPU.Deploy.0 = Release|Any CPU
	EndGlobalSection
	GlobalSection(SolutionProperties) = preSolution
		HideSolutionNode = FALSE
	EndGlobalSection
	GlobalSection(ExtensibilityGlobals) = postSolution
		SolutionGuid = {BCBA83EA-EC50-4D1D-9AA0-3AE68B914322}
	EndGlobalSection
EndGlobal
