
Microsoft Visual Studio Solution File, Format Version 12.00
# Visual Studio Version 17
VisualStudioVersion = 17.11.35222.181
MinimumVisualStudioVersion = 10.0.40219.1
Project("{FAE04EC0-301F-11D3-BF4B-00C04F79EFBC}") = "HarraiaPaperaGuraize", "HarraiaPaperaGuraize\HarraiaPaperaGuraize.csproj", "{F135F2AF-7447-4847-AE84-A1C5C73586A9}"
EndProject
Global
	GlobalSection(SolutionConfigurationPlatforms) = preSolution
		Debug|Any CPU = Debug|Any CPU
		Release|Any CPU = Release|Any CPU
	EndGlobalSection
	GlobalSection(ProjectConfigurationPlatforms) = postSolution
		{F135F2AF-7447-4847-AE84-A1C5C73586A9}.Debug|Any CPU.ActiveCfg = Debug|Any CPU
		{F135F2AF-7447-4847-AE84-A1C5C73586A9}.Debug|Any CPU.Build.0 = Debug|Any CPU
		{F135F2AF-7447-4847-AE84-A1C5C73586A9}.Debug|Any CPU.Deploy.0 = Debug|Any CPU
		{F135F2AF-7447-4847-AE84-A1C5C73586A9}.Release|Any CPU.ActiveCfg = Release|Any CPU
		{F135F2AF-7447-4847-AE84-A1C5C73586A9}.Release|Any CPU.Build.0 = Release|Any CPU
		{F135F2AF-7447-4847-AE84-A1C5C73586A9}.Release|Any CPU.Deploy.0 = Release|Any CPU
	EndGlobalSection
	GlobalSection(SolutionProperties) = preSolution
		HideSolutionNode = FALSE
	EndGlobalSection
	GlobalSection(ExtensibilityGlobals) = postSolution
		SolutionGuid = {45161ABE-8417-46C0-AC8B-481DFD3F8257}
	EndGlobalSection
EndGlobal
